version: 1.0
shards:
  baked_file_system:
    github: schovi/baked_file_system
    version: 0.9.8

  db:
    github: crystal-lang/crystal-db
    version: 0.5.1

  mysql:
    github: crystal-lang/crystal-mysql
    version: 0.5.1

  pool:
    github: ysbaddaden/pool
    version: 0.2.3

  query-builder:
    github: izniburak/query-builder
    version: 1.1.0

  redis:
    github: stefanwille/crystal-redis
    version: 2.1.1

